
Microsoft Visual Studio Solution File, Format Version 12.00
# Visual Studio Version 16
VisualStudioVersion = 16.0.31205.134
MinimumVisualStudioVersion = 10.0.40219.1
Project("{9A19103F-16F7-4668-BE54-9A1E7A4F7556}") = "API.Extractor", "API.Extractor\API.Extractor.csproj", "{4C6F9049-2F6A-46FD-82DC-0E4EBCE1E47D}"
EndProject
Project("{FAE04EC0-301F-11D3-BF4B-00C04F79EFBC}") = "UnitTests", "UnitTests\UnitTests.csproj", "{264BC07A-44B0-4AD4-869E-BAB17FBB49B6}"
EndProject
Global
	GlobalSection(SolutionConfigurationPlatforms) = preSolution
		Debug|Any CPU = Debug|Any CPU
		Release|Any CPU = Release|Any CPU
	EndGlobalSection
	GlobalSection(ProjectConfigurationPlatforms) = postSolution
		{4C6F9049-2F6A-46FD-82DC-0E4EBCE1E47D}.Debug|Any CPU.ActiveCfg = Debug|Any CPU
		{4C6F9049-2F6A-46FD-82DC-0E4EBCE1E47D}.Debug|Any CPU.Build.0 = Debug|Any CPU
		{4C6F9049-2F6A-46FD-82DC-0E4EBCE1E47D}.Release|Any CPU.ActiveCfg = Release|Any CPU
		{4C6F9049-2F6A-46FD-82DC-0E4EBCE1E47D}.Release|Any CPU.Build.0 = Release|Any CPU
		{264BC07A-44B0-4AD4-869E-BAB17FBB49B6}.Debug|Any CPU.ActiveCfg = Debug|Any CPU
		{264BC07A-44B0-4AD4-869E-BAB17FBB49B6}.Debug|Any CPU.Build.0 = Debug|Any CPU
		{264BC07A-44B0-4AD4-869E-BAB17FBB49B6}.Release|Any CPU.ActiveCfg = Release|Any CPU
		{264BC07A-44B0-4AD4-869E-BAB17FBB49B6}.Release|Any CPU.Build.0 = Release|Any CPU
	EndGlobalSection
	GlobalSection(SolutionProperties) = preSolution
		HideSolutionNode = FALSE
	EndGlobalSection
	GlobalSection(ExtensibilityGlobals) = postSolution
		SolutionGuid = {D94BE6DD-CB6E-4CAA-A478-AAA425628133}
	EndGlobalSection
EndGlobal
